Microsoft Visual Studio Solution File, Format Version 12.00
# Visual Studio Version 17
VisualStudioVersion = 17.5.2.0
MinimumVisualStudioVersion = 10.0.40219.1
Project("{FAE04EC0-301F-11D3-BF4B-00C04F79EFBC}") = "PlayLiveInstruments", "src\PlayLiveInstruments.csproj", "{330D5821-982C-6205-BCA7-FB44F5637D95}"
EndProject
Project("{FAE04EC0-301F-11D3-BF4B-00C04F79EFBC}") = "PlayLiveInstruments.Tests", "tests\PlayLiveInstruments.Tests.csproj", "{2D60931B-13C6-8E6F-CBE0-D4513FE65450}"
EndProject
Global
	GlobalSection(SolutionConfigurationPlatforms) = preSolution
		Debug|Any CPU = Debug|Any CPU
		Release|Any CPU = Release|Any CPU
	EndGlobalSection
	GlobalSection(ProjectConfigurationPlatforms) = postSolution
		{330D5821-982C-6205-BCA7-FB44F5637D95}.Debug|Any CPU.ActiveCfg = Debug|Any CPU
		{330D5821-982C-6205-BCA7-FB44F5637D95}.Debug|Any CPU.Build.0 = Debug|Any CPU
		{330D5821-982C-6205-BCA7-FB44F5637D95}.Release|Any CPU.ActiveCfg = Release|Any CPU
		{330D5821-982C-6205-BCA7-FB44F5637D95}.Release|Any CPU.Build.0 = Release|Any CPU
		{2D60931B-13C6-8E6F-CBE0-D4513FE65450}.Debug|Any CPU.ActiveCfg = Debug|Any CPU
		{2D60931B-13C6-8E6F-CBE0-D4513FE65450}.Debug|Any CPU.Build.0 = Debug|Any CPU
		{2D60931B-13C6-8E6F-CBE0-D4513FE65450}.Release|Any CPU.ActiveCfg = Release|Any CPU
		{2D60931B-13C6-8E6F-CBE0-D4513FE65450}.Release|Any CPU.Build.0 = Release|Any CPU
	EndGlobalSection
	GlobalSection(SolutionProperties) = preSolution
		HideSolutionNode = FALSE
	EndGlobalSection
	GlobalSection(ExtensibilityGlobals) = postSolution
		SolutionGuid = {18BD0250-1409-429A-B142-57959BC4F323}
	EndGlobalSection
EndGlobal
